
Microsoft Visual Studio Solution File, Format Version 12.00
# Visual Studio 15
VisualStudioVersion = 15.0.28307.1000
MinimumVisualStudioVersion = 10.0.40219.1
Project("{9A19103F-16F7-4668-BE54-9A1E7A4F7556}") = "BeastHunterWebApps", "ReputationCalc\BeastHunterWebApps.csproj", "{E9EC276C-F16E-4685-874C-D48914EDE009}"
EndProject
Project("{FAE04EC0-301F-11D3-BF4B-00C04F79EFBC}") = "BeastHunterData", "BeastHunterData\BeastHunterData.csproj", "{FF772E32-9CDF-40E1-B8E8-4AC954AC2D18}"
EndProject
Project("{FAE04EC0-301F-11D3-BF4B-00C04F79EFBC}") = "BeastHunterControllers", "BeastHunterControllers\BeastHunterControllers.csproj", "{C707DB53-3C37-445A-9ADF-99434E29F44D}"
EndProject
Global
	GlobalSection(SolutionConfigurationPlatforms) = preSolution
		Debug|Any CPU = Debug|Any CPU
		Release|Any CPU = Release|Any CPU
	EndGlobalSection
	GlobalSection(ProjectConfigurationPlatforms) = postSolution
		{E9EC276C-F16E-4685-874C-D48914EDE009}.Debug|Any CPU.ActiveCfg = Debug|Any CPU
		{E9EC276C-F16E-4685-874C-D48914EDE009}.Debug|Any CPU.Build.0 = Debug|Any CPU
		{E9EC276C-F16E-4685-874C-D48914EDE009}.Release|Any CPU.ActiveCfg = Release|Any CPU
		{E9EC276C-F16E-4685-874C-D48914EDE009}.Release|Any CPU.Build.0 = Release|Any CPU
		{FF772E32-9CDF-40E1-B8E8-4AC954AC2D18}.Debug|Any CPU.ActiveCfg = Debug|Any CPU
		{FF772E32-9CDF-40E1-B8E8-4AC954AC2D18}.Debug|Any CPU.Build.0 = Debug|Any CPU
		{FF772E32-9CDF-40E1-B8E8-4AC954AC2D18}.Release|Any CPU.ActiveCfg = Release|Any CPU
		{FF772E32-9CDF-40E1-B8E8-4AC954AC2D18}.Release|Any CPU.Build.0 = Release|Any CPU
		{C707DB53-3C37-445A-9ADF-99434E29F44D}.Debug|Any CPU.ActiveCfg = Debug|Any CPU
		{C707DB53-3C37-445A-9ADF-99434E29F44D}.Debug|Any CPU.Build.0 = Debug|Any CPU
		{C707DB53-3C37-445A-9ADF-99434E29F44D}.Release|Any CPU.ActiveCfg = Release|Any CPU
		{C707DB53-3C37-445A-9ADF-99434E29F44D}.Release|Any CPU.Build.0 = Release|Any CPU
	EndGlobalSection
	GlobalSection(SolutionProperties) = preSolution
		HideSolutionNode = FALSE
	EndGlobalSection
	GlobalSection(ExtensibilityGlobals) = postSolution
		SolutionGuid = {752C58C0-6F9A-403B-9AE0-23A2DA78C964}
	EndGlobalSection
EndGlobal
